
Microsoft Visual Studio Solution File, Format Version 12.00
# Visual Studio 15
VisualStudioVersion = 15.0.28307.168
MinimumVisualStudioVersion = 10.0.40219.1
Project("{FAE04EC0-301F-11D3-BF4B-00C04F79EFBC}") = "EntitiyFramework1", "EntitiyFramework\EntitiyFramework1.csproj", "{CF2F82C5-A0DA-49E8-8640-FC2D53BEF97B}"
EndProject
Global
	GlobalSection(SolutionConfigurationPlatforms) = preSolution
		Debug|Any CPU = Debug|Any CPU
		Release|Any CPU = Release|Any CPU
	EndGlobalSection
	GlobalSection(ProjectConfigurationPlatforms) = postSolution
		{CF2F82C5-A0DA-49E8-8640-FC2D53BEF97B}.Debug|Any CPU.ActiveCfg = Debug|Any CPU
		{CF2F82C5-A0DA-49E8-8640-FC2D53BEF97B}.Debug|Any CPU.Build.0 = Debug|Any CPU
		{CF2F82C5-A0DA-49E8-8640-FC2D53BEF97B}.Release|Any CPU.ActiveCfg = Release|Any CPU
		{CF2F82C5-A0DA-49E8-8640-FC2D53BEF97B}.Release|Any CPU.Build.0 = Release|Any CPU
	EndGlobalSection
	GlobalSection(SolutionProperties) = preSolution
		HideSolutionNode = FALSE
	EndGlobalSection
	GlobalSection(ExtensibilityGlobals) = postSolution
		SolutionGuid = {A96E66F3-6A31-4068-84EE-D42608C319AD}
	EndGlobalSection
EndGlobal
